{
  "name": "editor.7dgame.com",
  "lockfileVersion": 3,
  "requires": true,
  "packages": {
    "": {
      "devDependencies": {
        "three-gpu-pathtracer": "^0.0.23",
        "three-mesh-bvh": "^0.7.4",
        "typescript": "^6.0.2"
      }
    },
    "node_modules/three": {
      "version": "0.183.2",
      "resolved": "https://registry.npmjs.org/three/-/three-0.183.2.tgz",
      "integrity": "sha512-di3BsL2FEQ1PA7Hcvn4fyJOlxRRgFYBpMTcyOgkwJIaDOdJMebEFPA+t98EvjuljDx4hNulAGwF6KIjtwI5jgQ==",
      "dev": true,
      "license": "MIT",
      "peer": true
    },
    "node_modules/three-gpu-pathtracer": {
      "version": "0.0.23",
      "resolved": "https://registry.npmjs.org/three-gpu-pathtracer/-/three-gpu-pathtracer-0.0.23.tgz",
      "integrity": "sha512-CjMX5YU3ajDklOv3hW1EQ4CCkPLiLR+jB31w6G5WLf6Nasemib62tmCj45vBK5ItKAD0aHG1NWc479gXzk6fOQ==",
      "dev": true,
      "license": "MIT",
      "peerDependencies": {
        "three": ">=0.151.0",
        "three-mesh-bvh": ">=0.7.4",
        "xatlas-web": "^0.1.0"
      }
    },
    "node_modules/three-mesh-bvh": {
      "version": "0.7.4",
      "resolved": "https://registry.npmjs.org/three-mesh-bvh/-/three-mesh-bvh-0.7.4.tgz",
      "integrity": "sha512-flxe0A4uflTPR6elgq/Y8VrLoljDNS899i422SxQcU3EtMj6o8z4kZRyqZqGWzR0qMf1InTZzY1/0xZl/rnvVw==",
      "dev": true,
      "license": "MIT",
      "peerDependencies": {
        "three": ">= 0.151.0"
      }
    },
    "node_modules/typescript": {
      "version": "6.0.2",
      "resolved": "https://registry.npmjs.org/typescript/-/typescript-6.0.2.tgz",
      "integrity": "sha512-bGdAIrZ0wiGDo5l8c++HWtbaNCWTS4UTv7RaTH/ThVIgjkveJt83m74bBHMJkuCbslY8ixgLBVZJIOiQlQTjfQ==",
      "dev": true,
      "license": "Apache-2.0",
      "bin": {
        "tsc": "bin/tsc",
        "tsserver": "bin/tsserver"
      },
      "engines": {
        "node": ">=14.17"
      }
    },
    "node_modules/xatlas-web": {
      "version": "0.1.0",
      "resolved": "https://registry.npmjs.org/xatlas-web/-/xatlas-web-0.1.0.tgz",
      "integrity": "sha512-PprVfuXbaIskxLTLBUQRaWfgSy9xUQqAMIRooOw0P6NYqwgh6T0voeer6+Z5M7AFt5SGXUybuww/uDGs1yw8vQ==",
      "dev": true,
      "license": "MIT",
      "peer": true
    }
  }
}
